
Microsoft Visual Studio Solution File, Format Version 12.00
# Visual Studio Version 17
VisualStudioVersion = 17.4.33110.190
MinimumVisualStudioVersion = 10.0.40219.1
Project("{FAE04EC0-301F-11D3-BF4B-00C04F79EFBC}") = "Lesson2", "Lesson2.csproj", "{ABEE9F03-287B-44D1-A7F6-3B76B3C45BFC}"
EndProject
Global
	GlobalSection(SolutionConfigurationPlatforms) = preSolution
		Debug|Any CPU = Debug|Any CPU
		Release|Any CPU = Release|Any CPU
	EndGlobalSection
	GlobalSection(ProjectConfigurationPlatforms) = postSolution
		{ABEE9F03-287B-44D1-A7F6-3B76B3C45BFC}.Debug|Any CPU.ActiveCfg = Debug|Any CPU
		{ABEE9F03-287B-44D1-A7F6-3B76B3C45BFC}.Debug|Any CPU.Build.0 = Debug|Any CPU
		{ABEE9F03-287B-44D1-A7F6-3B76B3C45BFC}.Release|Any CPU.ActiveCfg = Release|Any CPU
		{ABEE9F03-287B-44D1-A7F6-3B76B3C45BFC}.Release|Any CPU.Build.0 = Release|Any CPU
	EndGlobalSection
	GlobalSection(SolutionProperties) = preSolution
		HideSolutionNode = FALSE
	EndGlobalSection
	GlobalSection(ExtensibilityGlobals) = postSolution
		SolutionGuid = {64241462-3FB5-4DE6-A4BE-233FCB017CA4}
	EndGlobalSection
EndGlobal
